Microsoft Visual Studio Solution File, Format Version 12.00
# Visual Studio Version 17
VisualStudioVersion = 17.3.32825.248
MinimumVisualStudioVersion = 10.0.40219.1
Project("{FAE04EC0-301F-11D3-BF4B-00C04F79EFBC}") = "NUIIntergration-blend", "NUIIntergration-blend.csproj", "{16F49C33-0F12-4388-9C7E-5118AD7A459D}"
EndProject
Project("{FAE04EC0-301F-11D3-BF4B-00C04F79EFBC}") = "SmartTwin.NoesisGUI-blend", "Assets\Modules\NoesisGUI\SmartTwin.NoesisGUI-blend.csproj", "{0F7F10AB-7200-44E0-85B6-8CE137C530F7}"
EndProject
Project("{FAE04EC0-301F-11D3-BF4B-00C04F79EFBC}") = "SolarSystems-blend", "Assets\Modules\Solar System\SolarSystems-blend.csproj", "{3F17CE53-A586-4E71-A3CB-A67046794B3D}"
EndProject
Global
	GlobalSection(SolutionConfigurationPlatforms) = preSolution
		Debug|Any CPU = Debug|Any CPU
		Release|Any CPU = Release|Any CPU
	EndGlobalSection
	GlobalSection(ProjectConfigurationPlatforms) = postSolution
		{16F49C33-0F12-4388-9C7E-5118AD7A459D}.Debug|Any CPU.ActiveCfg = Debug|Any CPU
		{16F49C33-0F12-4388-9C7E-5118AD7A459D}.Debug|Any CPU.Build.0 = Debug|Any CPU
		{16F49C33-0F12-4388-9C7E-5118AD7A459D}.Release|Any CPU.ActiveCfg = Release|Any CPU
		{16F49C33-0F12-4388-9C7E-5118AD7A459D}.Release|Any CPU.Build.0 = Release|Any CPU
		{0F7F10AB-7200-44E0-85B6-8CE137C530F7}.Debug|Any CPU.ActiveCfg = Debug|Any CPU
		{0F7F10AB-7200-44E0-85B6-8CE137C530F7}.Debug|Any CPU.Build.0 = Debug|Any CPU
		{0F7F10AB-7200-44E0-85B6-8CE137C530F7}.Release|Any CPU.ActiveCfg = Release|Any CPU
		{0F7F10AB-7200-44E0-85B6-8CE137C530F7}.Release|Any CPU.Build.0 = Release|Any CPU
		{3F17CE53-A586-4E71-A3CB-A67046794B3D}.Debug|Any CPU.ActiveCfg = Debug|Any CPU
		{3F17CE53-A586-4E71-A3CB-A67046794B3D}.Debug|Any CPU.Build.0 = Debug|Any CPU
		{3F17CE53-A586-4E71-A3CB-A67046794B3D}.Release|Any CPU.ActiveCfg = Release|Any CPU
		{3F17CE53-A586-4E71-A3CB-A67046794B3D}.Release|Any CPU.Build.0 = Release|Any CPU
	EndGlobalSection
	GlobalSection(SolutionProperties) = preSolution
		HideSolutionNode = FALSE
	EndGlobalSection
	GlobalSection(ExtensibilityGlobals) = postSolution
		SolutionGuid = {E29169D2-D200-4FD5-B273-C1AD85FF0A1D}
	EndGlobalSection
EndGlobal
