
Microsoft Visual Studio Solution File, Format Version 12.00
# Visual Studio 15
Project("{FAE04EC0-301F-11D3-BF4B-00C04F79EFBC}") = "Noesis.NoesisGUI", "Noesis.NoesisGUI.csproj", "{B4AF8440-ADE5-ECFE-D6A8-34A224D44EA9}"
EndProject
Project("{FAE04EC0-301F-11D3-BF4B-00C04F79EFBC}") = "Assembly-CSharp", "Assembly-CSharp.csproj", "{45F0804E-EC63-15B1-97AD-CD91E19260D8}"
EndProject
Project("{FAE04EC0-301F-11D3-BF4B-00C04F79EFBC}") = "Noesis.NoesisGUI.Editor", "Noesis.NoesisGUI.Editor.csproj", "{B5315AED-EADE-63BE-CB57-C097163363BD}"
EndProject
Project("{FAE04EC0-301F-11D3-BF4B-00C04F79EFBC}") = "Assembly-CSharp-Editor", "Assembly-CSharp-Editor.csproj", "{D802F524-819C-EBEC-B8A4-1298C2A4B1D8}"
EndProject
Global
	GlobalSection(SolutionConfigurationPlatforms) = preSolution
		Debug|Any CPU = Debug|Any CPU
		Release|Any CPU = Release|Any CPU
	EndGlobalSection
	GlobalSection(ProjectConfigurationPlatforms) = postSolution
		{B4AF8440-ADE5-ECFE-D6A8-34A224D44EA9}.Debug|Any CPU.ActiveCfg = Debug|Any CPU
		{B4AF8440-ADE5-ECFE-D6A8-34A224D44EA9}.Debug|Any CPU.Build.0 = Debug|Any CPU
		{B4AF8440-ADE5-ECFE-D6A8-34A224D44EA9}.Release|Any CPU.ActiveCfg = Release|Any CPU
		{B4AF8440-ADE5-ECFE-D6A8-34A224D44EA9}.Release|Any CPU.Build.0 = Release|Any CPU
		{45F0804E-EC63-15B1-97AD-CD91E19260D8}.Debug|Any CPU.ActiveCfg = Debug|Any CPU
		{45F0804E-EC63-15B1-97AD-CD91E19260D8}.Debug|Any CPU.Build.0 = Debug|Any CPU
		{45F0804E-EC63-15B1-97AD-CD91E19260D8}.Release|Any CPU.ActiveCfg = Release|Any CPU
		{45F0804E-EC63-15B1-97AD-CD91E19260D8}.Release|Any CPU.Build.0 = Release|Any CPU
		{B5315AED-EADE-63BE-CB57-C097163363BD}.Debug|Any CPU.ActiveCfg = Debug|Any CPU
		{B5315AED-EADE-63BE-CB57-C097163363BD}.Debug|Any CPU.Build.0 = Debug|Any CPU
		{B5315AED-EADE-63BE-CB57-C097163363BD}.Release|Any CPU.ActiveCfg = Release|Any CPU
		{B5315AED-EADE-63BE-CB57-C097163363BD}.Release|Any CPU.Build.0 = Release|Any CPU
		{D802F524-819C-EBEC-B8A4-1298C2A4B1D8}.Debug|Any CPU.ActiveCfg = Debug|Any CPU
		{D802F524-819C-EBEC-B8A4-1298C2A4B1D8}.Debug|Any CPU.Build.0 = Debug|Any CPU
		{D802F524-819C-EBEC-B8A4-1298C2A4B1D8}.Release|Any CPU.ActiveCfg = Release|Any CPU
		{D802F524-819C-EBEC-B8A4-1298C2A4B1D8}.Release|Any CPU.Build.0 = Release|Any CPU
	EndGlobalSection
	GlobalSection(SolutionProperties) = preSolution
		HideSolutionNode = FALSE
	EndGlobalSection
EndGlobal
